
Microsoft Visual Studio Solution File, Format Version 12.00
# Visual Studio 14
VisualStudioVersion = 14.0.25123.0
MinimumVisualStudioVersion = 10.0.40219.1
Project("{FAE04EC0-301F-11D3-BF4B-00C04F79EFBC}") = "ProjectZero", "ProjectZero\ProjectZero.csproj", "{035B2A73-8D63-4D84-9A4A-3B6FA30356F0}"
EndProject
Project("{FAE04EC0-301F-11D3-BF4B-00C04F79EFBC}") = "ProjectZero.Tests", "ProjectZero.Tests\ProjectZero.Tests.csproj", "{BDEAC9D6-96A2-4A5E-8AFD-197F6A57B822}"
EndProject
Project("{FAE04EC0-301F-11D3-BF4B-00C04F79EFBC}") = "ProjectZero.Database.Extensions", "ProjectZero.Database.Extensions\ProjectZero.Database.Extensions.csproj", "{432EEC51-1546-4F16-9FE4-BAAEBC06DB4C}"
EndProject
Project("{FAE04EC0-301F-11D3-BF4B-00C04F79EFBC}") = "ProjectZero.Database.Dal", "ProjectZero.Database.Dal\ProjectZero.Database.Dal.csproj", "{F63F51F3-CD0A-433D-ABDB-0388BFF8D369}"
EndProject
Project("{FAE04EC0-301F-11D3-BF4B-00C04F79EFBC}") = "ProjectZero.Database.Dto", "ProjectZero.Database.Dto\ProjectZero.Database.Dto.csproj", "{A1E2AB62-6861-4867-9DD3-FD1C819FECBE}"
EndProject
Project("{00D1A9C2-B5F0-4AF3-8072-F6C62B433612}") = "ProjectZero.Database.Scripts", "ProjectZero.Database.Scripts\ProjectZero.Database.Scripts.sqlproj", "{1071BAE8-7B8D-4BB4-B56C-372CA790FEBF}"
EndProject
Project("{2150E333-8FDC-42A3-9474-1A3956D46DE8}") = "Tests", "Tests", "{0DE2E955-0E2A-4794-BC7D-566508AFCDA9}"
EndProject
Project("{FAE04EC0-301F-11D3-BF4B-00C04F79EFBC}") = "ProjectZero.Database.Extensions.Tests", "ProjectZero.Database.Extensions.Tests\ProjectZero.Database.Extensions.Tests.csproj", "{DA9D9BFE-E143-4540-9A56-8E3BF3464DAB}"
EndProject
Global
	GlobalSection(SolutionConfigurationPlatforms) = preSolution
		Debug|Any CPU = Debug|Any CPU
		Release|Any CPU = Release|Any CPU
	EndGlobalSection
	GlobalSection(ProjectConfigurationPlatforms) = postSolution
		{035B2A73-8D63-4D84-9A4A-3B6FA30356F0}.Debug|Any CPU.ActiveCfg = Debug|Any CPU
		{035B2A73-8D63-4D84-9A4A-3B6FA30356F0}.Debug|Any CPU.Build.0 = Debug|Any CPU
		{035B2A73-8D63-4D84-9A4A-3B6FA30356F0}.Release|Any CPU.ActiveCfg = Release|Any CPU
		{035B2A73-8D63-4D84-9A4A-3B6FA30356F0}.Release|Any CPU.Build.0 = Release|Any CPU
		{BDEAC9D6-96A2-4A5E-8AFD-197F6A57B822}.Debug|Any CPU.ActiveCfg = Debug|Any CPU
		{BDEAC9D6-96A2-4A5E-8AFD-197F6A57B822}.Debug|Any CPU.Build.0 = Debug|Any CPU
		{BDEAC9D6-96A2-4A5E-8AFD-197F6A57B822}.Release|Any CPU.ActiveCfg = Release|Any CPU
		{BDEAC9D6-96A2-4A5E-8AFD-197F6A57B822}.Release|Any CPU.Build.0 = Release|Any CPU
		{432EEC51-1546-4F16-9FE4-BAAEBC06DB4C}.Debug|Any CPU.ActiveCfg = Debug|Any CPU
		{432EEC51-1546-4F16-9FE4-BAAEBC06DB4C}.Debug|Any CPU.Build.0 = Debug|Any CPU
		{432EEC51-1546-4F16-9FE4-BAAEBC06DB4C}.Release|Any CPU.ActiveCfg = Release|Any CPU
		{432EEC51-1546-4F16-9FE4-BAAEBC06DB4C}.Release|Any CPU.Build.0 = Release|Any CPU
		{F63F51F3-CD0A-433D-ABDB-0388BFF8D369}.Debug|Any CPU.ActiveCfg = Debug|Any CPU
		{F63F51F3-CD0A-433D-ABDB-0388BFF8D369}.Debug|Any CPU.Build.0 = Debug|Any CPU
		{F63F51F3-CD0A-433D-ABDB-0388BFF8D369}.Release|Any CPU.ActiveCfg = Release|Any CPU
		{F63F51F3-CD0A-433D-ABDB-0388BFF8D369}.Release|Any CPU.Build.0 = Release|Any CPU
		{A1E2AB62-6861-4867-9DD3-FD1C819FECBE}.Debug|Any CPU.ActiveCfg = Debug|Any CPU
		{A1E2AB62-6861-4867-9DD3-FD1C819FECBE}.Debug|Any CPU.Build.0 = Debug|Any CPU
		{A1E2AB62-6861-4867-9DD3-FD1C819FECBE}.Release|Any CPU.ActiveCfg = Release|Any CPU
		{A1E2AB62-6861-4867-9DD3-FD1C819FECBE}.Release|Any CPU.Build.0 = Release|Any CPU
		{1071BAE8-7B8D-4BB4-B56C-372CA790FEBF}.Debug|Any CPU.ActiveCfg = Debug|Any CPU
		{1071BAE8-7B8D-4BB4-B56C-372CA790FEBF}.Debug|Any CPU.Build.0 = Debug|Any CPU
		{1071BAE8-7B8D-4BB4-B56C-372CA790FEBF}.Debug|Any CPU.Deploy.0 = Debug|Any CPU
		{1071BAE8-7B8D-4BB4-B56C-372CA790FEBF}.Release|Any CPU.ActiveCfg = Release|Any CPU
		{1071BAE8-7B8D-4BB4-B56C-372CA790FEBF}.Release|Any CPU.Build.0 = Release|Any CPU
		{1071BAE8-7B8D-4BB4-B56C-372CA790FEBF}.Release|Any CPU.Deploy.0 = Release|Any CPU
		{DA9D9BFE-E143-4540-9A56-8E3BF3464DAB}.Debug|Any CPU.ActiveCfg = Debug|Any CPU
		{DA9D9BFE-E143-4540-9A56-8E3BF3464DAB}.Debug|Any CPU.Build.0 = Debug|Any CPU
		{DA9D9BFE-E143-4540-9A56-8E3BF3464DAB}.Release|Any CPU.ActiveCfg = Release|Any CPU
		{DA9D9BFE-E143-4540-9A56-8E3BF3464DAB}.Release|Any CPU.Build.0 = Release|Any CPU
	EndGlobalSection
	GlobalSection(SolutionProperties) = preSolution
		HideSolutionNode = FALSE
	EndGlobalSection
	GlobalSection(NestedProjects) = preSolution
		{BDEAC9D6-96A2-4A5E-8AFD-197F6A57B822} = {0DE2E955-0E2A-4794-BC7D-566508AFCDA9}
		{DA9D9BFE-E143-4540-9A56-8E3BF3464DAB} = {0DE2E955-0E2A-4794-BC7D-566508AFCDA9}
	EndGlobalSection
EndGlobal
